
Microsoft Visual Studio Solution File, Format Version 12.00
# Visual Studio 15
VisualStudioVersion = 15.0.27703.2026
MinimumVisualStudioVersion = 10.0.40219.1
Project("{FAE04EC0-301F-11D3-BF4B-00C04F79EFBC}") = "WebSite", "WebSite\WebSite.csproj", "{BEF39D17-3EF4-4B4D-BDD7-A406256C8D0D}"
EndProject
Project("{FAE04EC0-301F-11D3-BF4B-00C04F79EFBC}") = "DAL", "DAL\DAL.csproj", "{7B773B27-3A5C-4A39-9EAB-88AA652BF62D}"
EndProject
Project("{FAE04EC0-301F-11D3-BF4B-00C04F79EFBC}") = "BLL", "BLL\BLL.csproj", "{19B5B7E9-14DB-40DE-86C9-69FC9223FEDF}"
EndProject
Global
	GlobalSection(SolutionConfigurationPlatforms) = preSolution
		Debug|Any CPU = Debug|Any CPU
		Release|Any CPU = Release|Any CPU
	EndGlobalSection
	GlobalSection(ProjectConfigurationPlatforms) = postSolution
		{BEF39D17-3EF4-4B4D-BDD7-A406256C8D0D}.Debug|Any CPU.ActiveCfg = Debug|Any CPU
		{BEF39D17-3EF4-4B4D-BDD7-A406256C8D0D}.Debug|Any CPU.Build.0 = Debug|Any CPU
		{BEF39D17-3EF4-4B4D-BDD7-A406256C8D0D}.Release|Any CPU.ActiveCfg = Release|Any CPU
		{BEF39D17-3EF4-4B4D-BDD7-A406256C8D0D}.Release|Any CPU.Build.0 = Release|Any CPU
		{7B773B27-3A5C-4A39-9EAB-88AA652BF62D}.Debug|Any CPU.ActiveCfg = Debug|Any CPU
		{7B773B27-3A5C-4A39-9EAB-88AA652BF62D}.Debug|Any CPU.Build.0 = Debug|Any CPU
		{7B773B27-3A5C-4A39-9EAB-88AA652BF62D}.Release|Any CPU.ActiveCfg = Release|Any CPU
		{7B773B27-3A5C-4A39-9EAB-88AA652BF62D}.Release|Any CPU.Build.0 = Release|Any CPU
		{19B5B7E9-14DB-40DE-86C9-69FC9223FEDF}.Debug|Any CPU.ActiveCfg = Debug|Any CPU
		{19B5B7E9-14DB-40DE-86C9-69FC9223FEDF}.Debug|Any CPU.Build.0 = Debug|Any CPU
		{19B5B7E9-14DB-40DE-86C9-69FC9223FEDF}.Release|Any CPU.ActiveCfg = Release|Any CPU
		{19B5B7E9-14DB-40DE-86C9-69FC9223FEDF}.Release|Any CPU.Build.0 = Release|Any CPU
	EndGlobalSection
	GlobalSection(SolutionProperties) = preSolution
		HideSolutionNode = FALSE
	EndGlobalSection
	GlobalSection(ExtensibilityGlobals) = postSolution
		SolutionGuid = {1214AAC5-855E-446C-BE7A-0A7362387A02}
	EndGlobalSection
EndGlobal
